// !$*UTF8*$!
{
	archiveVersion = 1;
	classes = {
	};
	objectVersion = 50;
	objects = {

/* Begin PBXBuildFile section */
		21807011209B10400062CE2D /* AppDelegate.m in Sources */ = {isa = PBXBuildFile; fileRef = 21807010209B10400062CE2D /* AppDelegate.m */; };
		21807014209B10400062CE2D /* ViewController.m in Sources */ = {isa = PBXBuildFile; fileRef = 21807013209B10400062CE2D /* ViewController.m */; };
		21807017209B10400062CE2D /* Main.storyboard in Resources */ = {isa = PBXBuildFile; fileRef = 21807015209B10400062CE2D /* Main.storyboard */; };
		21807019209B10430062CE2D /* Assets.xcassets in Resources */ = {isa = PBXBuildFile; fileRef = 21807018209B10430062CE2D /* Assets.xcassets */; };
		2180701C209B10430062CE2D /* LaunchScreen.storyboard in Resources */ = {isa = PBXBuildFile; fileRef = 2180701A209B10430062CE2D /* LaunchScreen.storyboard */; };
		2180701F209B10430062CE2D /* main.m in Sources */ = {isa = PBXBuildFile; fileRef = 2180701E209B10430062CE2D /* main.m */; };
		21807029209B10430062CE2D /* NSNotificationTests.m in Sources */ = {isa = PBXBuildFile; fileRef = 21807028209B10430062CE2D /* NSNotificationTests.m */; };
		21807034209B10430062CE2D /* NSNotificationUITests.m in Sources */ = {isa = PBXBuildFile; fileRef = 21807033209B10430062CE2D /* NSNotificationUITests.m */; };
		21807043209B139B0062CE2D /* Person.m in Sources */ = {isa = PBXBuildFile; fileRef = 21807042209B139B0062CE2D /* Person.m */; };
/* End PBXBuildFile section */

/* Begin PBXContainerItemProxy section */
		21807025209B10430062CE2D /* PBXContainerItemProxy */ = {
			isa = PBXContainerItemProxy;
			containerPortal = 21807004209B10400062CE2D /* Project object */;
			proxyType = 1;
			remoteGlobalIDString = 2180700B209B10400062CE2D;
			remoteInfo = NSNotification;
		};
		21807030209B10430062CE2D /* PBXContainerItemProxy */ = {
			isa = PBXContainerItemProxy;
			containerPortal = 21807004209B10400062CE2D /* Project object */;
			proxyType = 1;
			remoteGlobalIDString = 2180700B209B10400062CE2D;
			remoteInfo = NSNotification;
		};
/* End PBXContainerItemProxy section */

/* Begin PBXFileReference section */
		2180700C209B10400062CE2D /* NSNotification.app */ = {isa = PBXFileReference; explicitFileType = wrapper.application; includeInIndex = 0; path = NSNotification.app; sourceTree = BUILT_PRODUCTS_DIR; };
		2180700F209B10400062CE2D /* AppDelegate.h */ = {isa = PBXFileReference; lastKnownFileType = sourcecode.c.h; path = AppDelegate.h; sourceTree = "<group>"; };
		21807010209B10400062CE2D /* AppDelegate.m */ = {isa = PBXFileReference; lastKnownFileType = sourcecode.c.objc; path = AppDelegate.m; sourceTree = "<group>"; };
		21807012209B10400062CE2D /* ViewController.h */ = {isa = PBXFileReference; lastKnownFileType = sourcecode.c.h; path = ViewController.h; sourceTree = "<group>"; };
		21807013209B10400062CE2D /* ViewController.m */ = {isa = PBXFileReference; lastKnownFileType = sourcecode.c.objc; path = ViewController.m; sourceTree = "<group>"; };
		21807016209B10400062CE2D /* Base */ = {isa = PBXFileReference; lastKnownFileType = file.storyboard; name = Base; path = Base.lproj/Main.storyboard; sourceTree = "<group>"; };
		21807018209B10430062CE2D /* Assets.xcassets */ = {isa = PBXFileReference; lastKnownFileType = folder.assetcatalog; path = Assets.xcassets; sourceTree = "<group>"; };
		2180701B209B10430062CE2D /* Base */ = {isa = PBXFileReference; lastKnownFileType = file.storyboard; name = Base; path = Base.lproj/LaunchScreen.storyboard; sourceTree = "<group>"; };
		2180701D209B10430062CE2D /* Info.plist */ = {isa = PBXFileReference; lastKnownFileType = text.plist.xml; path = Info.plist; sourceTree = "<group>"; };
		2180701E209B10430062CE2D /* main.m */ = {isa = PBXFileReference; lastKnownFileType = sourcecode.c.objc; path = main.m; sourceTree = "<group>"; };
		21807024209B10430062CE2D /* NSNotificationTests.xctest */ = {isa = PBXFileReference; explicitFileType = wrapper.cfbundle; includeInIndex = 0; path = NSNotificationTests.xctest; sourceTree = BUILT_PRODUCTS_DIR; };
		21807028209B10430062CE2D /* NSNotificationTests.m */ = {isa = PBXFileReference; lastKnownFileType = sourcecode.c.objc; path = NSNotificationTests.m; sourceTree = "<group>"; };
		2180702A209B10430062CE2D /* Info.plist */ = {isa = PBXFileReference; lastKnownFileType = text.plist.xml; path = Info.plist; sourceTree = "<group>"; };
		2180702F209B10430062CE2D /* NSNotificationUITests.xctest */ = {isa = PBXFileReference; explicitFileType = wrapper.cfbundle; includeInIndex = 0; path = NSNotificationUITests.xctest; sourceTree = BUILT_PRODUCTS_DIR; };
		21807033209B10430062CE2D /* NSNotificationUITests.m */ = {isa = PBXFileReference; lastKnownFileType = sourcecode.c.objc; path = NSNotificationUITests.m; sourceTree = "<group>"; };
		21807035209B10430062CE2D /* Info.plist */ = {isa = PBXFileReference; lastKnownFileType = text.plist.xml; path = Info.plist; sourceTree = "<group>"; };
		21807041209B139B0062CE2D /* Person.h */ = {isa = PBXFileReference; lastKnownFileType = sourcecode.c.h; path = Person.h; sourceTree = "<group>"; };
		21807042209B139B0062CE2D /* Person.m */ = {isa = PBXFileReference; lastKnownFileType = sourcecode.c.objc; path = Person.m; sourceTree = "<group>"; };
/* End PBXFileReference section */

/* Begin PBXFrameworksBuildPhase section */
		21807009209B10400062CE2D /* Frameworks */ = {
			isa = PBXFrameworksBuildPhase;
			buildActionMask = 2147483647;
			files = (
			);
			runOnlyForDeploymentPostprocessing = 0;
		};
		21807021209B10430062CE2D /* Frameworks */ = {
			isa = PBXFrameworksBuildPhase;
			buildActionMask = 2147483647;
			files = (
			);
			runOnlyForDeploymentPostprocessing = 0;
		};
		2180702C209B10430062CE2D /* Frameworks */ = {
			isa = PBXFrameworksBuildPhase;
			buildActionMask = 2147483647;
			files = (
			);
			runOnlyForDeploymentPostprocessing = 0;
		};
/* End PBXFrameworksBuildPhase section */

/* Begin PBXGroup section */
		21807003209B10400062CE2D = {
			isa = PBXGroup;
			children = (
				2180700E209B10400062CE2D /* NSNotification */,
				21807027209B10430062CE2D /* NSNotificationTests */,
				21807032209B10430062CE2D /* NSNotificationUITests */,
				2180700D209B10400062CE2D /* Products */,
			);
			sourceTree = "<group>";
		};
		2180700D209B10400062CE2D /* Products */ = {
			isa = PBXGroup;
			children = (
				2180700C209B10400062CE2D /* NSNotification.app */,
				21807024209B10430062CE2D /* NSNotificationTests.xctest */,
				2180702F209B10430062CE2D /* NSNotificationUITests.xctest */,
			);
			name = Products;
			sourceTree = "<group>";
		};
		2180700E209B10400062CE2D /* NSNotification */ = {
			isa = PBXGroup;
			children = (
				2180700F209B10400062CE2D /* AppDelegate.h */,
				21807010209B10400062CE2D /* AppDelegate.m */,
				21807012209B10400062CE2D /* ViewController.h */,
				21807013209B10400062CE2D /* ViewController.m */,
				21807015209B10400062CE2D /* Main.storyboard */,
				21807018209B10430062CE2D /* Assets.xcassets */,
				2180701A209B10430062CE2D /* LaunchScreen.storyboard */,
				2180701D209B10430062CE2D /* Info.plist */,
				2180701E209B10430062CE2D /* main.m */,
				21807041209B139B0062CE2D /* Person.h */,
				21807042209B139B0062CE2D /* Person.m */,
			);
			path = NSNotification;
			sourceTree = "<group>";
		};
		21807027209B10430062CE2D /* NSNotificationTests */ = {
			isa = PBXGroup;
			children = (
				21807028209B10430062CE2D /* NSNotificationTests.m */,
				2180702A209B10430062CE2D /* Info.plist */,
			);
			path = NSNotificationTests;
			sourceTree = "<group>";
		};
		21807032209B10430062CE2D /* NSNotificationUITests */ = {
			isa = PBXGroup;
			children = (
				21807033209B10430062CE2D /* NSNotificationUITests.m */,
				21807035209B10430062CE2D /* Info.plist */,
			);
			path = NSNotificationUITests;
			sourceTree = "<group>";
		};
/* End PBXGroup section */

/* Begin PBXNativeTarget section */
		2180700B209B10400062CE2D /* NSNotification */ = {
			isa = PBXNativeTarget;
			buildConfigurationList = 21807038209B10430062CE2D /* Build configuration list for PBXNativeTarget "NSNotification" */;
			buildPhases = (
				21807008209B10400062CE2D /* Sources */,
				21807009209B10400062CE2D /* Frameworks */,
				2180700A209B10400062CE2D /* Resources */,
			);
			buildRules = (
			);
			dependencies = (
			);
			name = NSNotification;
			productName = NSNotification;
			productReference = 2180700C209B10400062CE2D /* NSNotification.app */;
			productType = "com.apple.product-type.application";
		};
		21807023209B10430062CE2D /* NSNotificationTests */ = {
			isa = PBXNativeTarget;
			buildConfigurationList = 2180703B209B10430062CE2D /* Build configuration list for PBXNativeTarget "NSNotificationTests" */;
			buildPhases = (
				21807020209B10430062CE2D /* Sources */,
				21807021209B10430062CE2D /* Frameworks */,
				21807022209B10430062CE2D /* Resources */,
			);
			buildRules = (
			);
			dependencies = (
				21807026209B10430062CE2D /* PBXTargetDependency */,
			);
			name = NSNotificationTests;
			productName = NSNotificationTests;
			productReference = 21807024209B10430062CE2D /* NSNotificationTests.xctest */;
			productType = "com.apple.product-type.bundle.unit-test";
		};
		2180702E209B10430062CE2D /* NSNotificationUITests */ = {
			isa = PBXNativeTarget;
			buildConfigurationList = 2180703E209B10430062CE2D /* Build configuration list for PBXNativeTarget "NSNotificationUITests" */;
			buildPhases = (
				2180702B209B10430062CE2D /* Sources */,
				2180702C209B10430062CE2D /* Frameworks */,
				2180702D209B10430062CE2D /* Resources */,
			);
			buildRules = (
			);
			dependencies = (
				21807031209B10430062CE2D /* PBXTargetDependency */,
			);
			name = NSNotificationUITests;
			productName = NSNotificationUITests;
			productReference = 2180702F209B10430062CE2D /* NSNotificationUITests.xctest */;
			productType = "com.apple.product-type.bundle.ui-testing";
		};
/* End PBXNativeTarget section */

/* Begin PBXProject section */
		21807004209B10400062CE2D /* Project object */ = {
			isa = PBXProject;
			attributes = {
				LastUpgradeCheck = 0930;
				ORGANIZATIONNAME = "lizaveta shulskaya";
				TargetAttributes = {
					2180700B209B10400062CE2D = {
						CreatedOnToolsVersion = 9.3;
					};
					21807023209B10430062CE2D = {
						CreatedOnToolsVersion = 9.3;
						TestTargetID = 2180700B209B10400062CE2D;
					};
					2180702E209B10430062CE2D = {
						CreatedOnToolsVersion = 9.3;
						TestTargetID = 2180700B209B10400062CE2D;
					};
				};
			};
			buildConfigurationList = 21807007209B10400062CE2D /* Build configuration list for PBXProject "NSNotification" */;
			compatibilityVersion = "Xcode 9.3";
			developmentRegion = en;
			hasScannedForEncodings = 0;
			knownRegions = (
				en,
				Base,
			);
			mainGroup = 21807003209B10400062CE2D;
			productRefGroup = 2180700D209B10400062CE2D /* Products */;
			projectDirPath = "";
			projectRoot = "";
			targets = (
				2180700B209B10400062CE2D /* NSNotification */,
				21807023209B10430062CE2D /* NSNotificationTests */,
				2180702E209B10430062CE2D /* NSNotificationUITests */,
			);
		};
/* End PBXProject section */

/* Begin PBXResourcesBuildPhase section */
		2180700A209B10400062CE2D /* Resources */ = {
			isa = PBXResourcesBuildPhase;
			buildActionMask = 2147483647;
			files = (
				2180701C209B10430062CE2D /* LaunchScreen.storyboard in Resources */,
				21807019209B10430062CE2D /* Assets.xcassets in Resources */,
				21807017209B10400062CE2D /* Main.storyboard in Resources */,
			);
			runOnlyForDeploymentPostprocessing = 0;
		};
		21807022209B10430062CE2D /* Resources */ = {
			isa = PBXResourcesBuildPhase;
			buildActionMask = 2147483647;
			files = (
			);
			runOnlyForDeploymentPostprocessing = 0;
		};
		2180702D209B10430062CE2D /* Resources */ = {
			isa = PBXResourcesBuildPhase;
			buildActionMask = 2147483647;
			files = (
			);
			runOnlyForDeploymentPostprocessing = 0;
		};
/* End PBXResourcesBuildPhase section */

/* Begin PBXSourcesBuildPhase section */
		21807008209B10400062CE2D /* Sources */ = {
			isa = PBXSourcesBuildPhase;
			buildActionMask = 2147483647;
			files = (
				21807014209B10400062CE2D /* ViewController.m in Sources */,
				2180701F209B10430062CE2D /* main.m in Sources */,
				21807043209B139B0062CE2D /* Person.m in Sources */,
				21807011209B10400062CE2D /* AppDelegate.m in Sources */,
			);
			runOnlyForDeploymentPostprocessing = 0;
		};
		21807020209B10430062CE2D /* Sources */ = {
			isa = PBXSourcesBuildPhase;
			buildActionMask = 2147483647;
			files = (
				21807029209B10430062CE2D /* NSNotificationTests.m in Sources */,
			);
			runOnlyForDeploymentPostprocessing = 0;
		};
		2180702B209B10430062CE2D /* Sources */ = {
			isa = PBXSourcesBuildPhase;
			buildActionMask = 2147483647;
			files = (
				21807034209B10430062CE2D /* NSNotificationUITests.m in Sources */,
			);
			runOnlyForDeploymentPostprocessing = 0;
		};
/* End PBXSourcesBuildPhase section */

/* Begin PBXTargetDependency section */
		21807026209B10430062CE2D /* PBXTargetDependency */ = {
			isa = PBXTargetDependency;
			target = 2180700B209B10400062CE2D /* NSNotification */;
			targetProxy = 21807025209B10430062CE2D /* PBXContainerItemProxy */;
		};
		21807031209B10430062CE2D /* PBXTargetDependency */ = {
			isa = PBXTargetDependency;
			target = 2180700B209B10400062CE2D /* NSNotification */;
			targetProxy = 21807030209B10430062CE2D /* PBXContainerItemProxy */;
		};
/* End PBXTargetDependency section */

/* Begin PBXVariantGroup section */
		21807015209B10400062CE2D /* Main.storyboard */ = {
			isa = PBXVariantGroup;
			children = (
				21807016209B10400062CE2D /* Base */,
			);
			name = Main.storyboard;
			sourceTree = "<group>";
		};
		2180701A209B10430062CE2D /* LaunchScreen.storyboard */ = {
			isa = PBXVariantGroup;
			children = (
				2180701B209B10430062CE2D /* Base */,
			);
			name = LaunchScreen.storyboard;
			sourceTree = "<group>";
		};
/* End PBXVariantGroup section */

/* Begin XCBuildConfiguration section */
		21807036209B10430062CE2D /* Debug */ = {
			isa = XCBuildConfiguration;
			buildSettings = {
				ALWAYS_SEARCH_USER_PATHS = NO;
				CLANG_ANALYZER_NONNULL = YES;
				CLANG_ANALYZER_NUMBER_OBJECT_CONVERSION = YES_AGGRESSIVE;
				CLANG_CXX_LANGUAGE_STANDARD = "gnu++14";
				CLANG_CXX_LIBRARY = "libc++";
				CLANG_ENABLE_MODULES = YES;
				CLANG_ENABLE_OBJC_ARC = YES;
				CLANG_ENABLE_OBJC_WEAK = YES;
				CLANG_WARN_BLOCK_CAPTURE_AUTORELEASING = YES;
				CLANG_WARN_BOOL_CONVERSION = YES;
				CLANG_WARN_COMMA = YES;
				CLANG_WARN_CONSTANT_CONVERSION = YES;
				CLANG_WARN_DEPRECATED_OBJC_IMPLEMENTATIONS = YES;
				CLANG_WARN_DIRECT_OBJC_ISA_USAGE = YES_ERROR;
				CLANG_WARN_DOCUMENTATION_COMMENTS = YES;
				CLANG_WARN_EMPTY_BODY = YES;
				CLANG_WARN_ENUM_CONVERSION = YES;
				CLANG_WARN_INFINITE_RECURSION = YES;
				CLANG_WARN_INT_CONVERSION = YES;
				CLANG_WARN_NON_LITERAL_NULL_CONVERSION = YES;
				CLANG_WARN_OBJC_IMPLICIT_RETAIN_SELF = YES;
				CLANG_WARN_OBJC_LITERAL_CONVERSION = YES;
				CLANG_WARN_OBJC_ROOT_CLASS = YES_ERROR;
				CLANG_WARN_RANGE_LOOP_ANALYSIS = YES;
				CLANG_WARN_STRICT_PROTOTYPES = YES;
				CLANG_WARN_SUSPICIOUS_MOVE = YES;
				CLANG_WARN_UNGUARDED_AVAILABILITY = YES_AGGRESSIVE;
				CLANG_WARN_UNREACHABLE_CODE = YES;
				CLANG_WARN__DUPLICATE_METHOD_MATCH = YES;
				CODE_SIGN_IDENTITY = "iPhone Developer";
				COPY_PHASE_STRIP = NO;
				DEBUG_INFORMATION_FORMAT = dwarf;
				ENABLE_STRICT_OBJC_MSGSEND = YES;
				ENABLE_TESTABILITY = YES;
				GCC_C_LANGUAGE_STANDARD = gnu11;
				GCC_DYNAMIC_NO_PIC = NO;
				GCC_NO_COMMON_BLOCKS = YES;
				GCC_OPTIMIZATION_LEVEL = 0;
				GCC_PREPROCESSOR_DEFINITIONS = (
					"DEBUG=1",
					"$(inherited)",
				);
				GCC_WARN_64_TO_32_BIT_CONVERSION = YES;
				GCC_WARN_ABOUT_RETURN_TYPE = YES_ERROR;
				GCC_WARN_UNDECLARED_SELECTOR = YES;
				GCC_WARN_UNINITIALIZED_AUTOS = YES_AGGRESSIVE;
				GCC_WARN_UNUSED_FUNCTION = YES;
				GCC_WARN_UNUSED_VARIABLE = YES;
				IPHONEOS_DEPLOYMENT_TARGET = 11.3;
				MTL_ENABLE_DEBUG_INFO = YES;
				ONLY_ACTIVE_ARCH = YES;
				SDKROOT = iphoneos;
			};
			name = Debug;
		};
		21807037209B10430062CE2D /* Release */ = {
			isa = XCBuildConfiguration;
			buildSettings = {
				ALWAYS_SEARCH_USER_PATHS = NO;
				CLANG_ANALYZER_NONNULL = YES;
				CLANG_ANALYZER_NUMBER_OBJECT_CONVERSION = YES_AGGRESSIVE;
				CLANG_CXX_LANGUAGE_STANDARD = "gnu++14";
				CLANG_CXX_LIBRARY = "libc++";
				CLANG_ENABLE_MODULES = YES;
				CLANG_ENABLE_OBJC_ARC = YES;
				CLANG_ENABLE_OBJC_WEAK = YES;
				CLANG_WARN_BLOCK_CAPTURE_AUTORELEASING = YES;
				CLANG_WARN_BOOL_CONVERSION = YES;
				CLANG_WARN_COMMA = YES;
				CLANG_WARN_CONSTANT_CONVERSION = YES;
				CLANG_WARN_DEPRECATED_OBJC_IMPLEMENTATIONS = YES;
				CLANG_WARN_DIRECT_OBJC_ISA_USAGE = YES_ERROR;
				CLANG_WARN_DOCUMENTATION_COMMENTS = YES;
				CLANG_WARN_EMPTY_BODY = YES;
				CLANG_WARN_ENUM_CONVERSION = YES;
				CLANG_WARN_INFINITE_RECURSION = YES;
				CLANG_WARN_INT_CONVERSION = YES;
				CLANG_WARN_NON_LITERAL_NULL_CONVERSION = YES;
				CLANG_WARN_OBJC_IMPLICIT_RETAIN_SELF = YES;
				CLANG_WARN_OBJC_LITERAL_CONVERSION = YES;
				CLANG_WARN_OBJC_ROOT_CLASS = YES_ERROR;
				CLANG_WARN_RANGE_LOOP_ANALYSIS = YES;
				CLANG_WARN_STRICT_PROTOTYPES = YES;
				CLANG_WARN_SUSPICIOUS_MOVE = YES;
				CLANG_WARN_UNGUARDED_AVAILABILITY = YES_AGGRESSIVE;
				CLANG_WARN_UNREACHABLE_CODE = YES;
				CLANG_WARN__DUPLICATE_METHOD_MATCH = YES;
				CODE_SIGN_IDENTITY = "iPhone Developer";
				COPY_PHASE_STRIP = NO;
				DEBUG_INFORMATION_FORMAT = "dwarf-with-dsym";
				ENABLE_NS_ASSERTIONS = NO;
				ENABLE_STRICT_OBJC_MSGSEND = YES;
				GCC_C_LANGUAGE_STANDARD = gnu11;
				GCC_NO_COMMON_BLOCKS = YES;
				GCC_WARN_64_TO_32_BIT_CONVERSION = YES;
				GCC_WARN_ABOUT_RETURN_TYPE = YES_ERROR;
				GCC_WARN_UNDECLARED_SELECTOR = YES;
				GCC_WARN_UNINITIALIZED_AUTOS = YES_AGGRESSIVE;
				GCC_WARN_UNUSED_FUNCTION = YES;
				GCC_WARN_UNUSED_VARIABLE = YES;
				IPHONEOS_DEPLOYMENT_TARGET = 11.3;
				MTL_ENABLE_DEBUG_INFO = NO;
				SDKROOT = iphoneos;
				VALIDATE_PRODUCT = YES;
			};
			name = Release;
		};
		21807039209B10430062CE2D /* Debug */ = {
			isa = XCBuildConfiguration;
			buildSettings = {
				ASSETCATALOG_COMPILER_APPICON_NAME = AppIcon;
				CODE_SIGN_STYLE = Automatic;
				INFOPLIST_FILE = NSNotification/Info.plist;
				LD_RUNPATH_SEARCH_PATHS = (
					"$(inherited)",
					"@executable_path/Frameworks",
				);
				PRODUCT_BUNDLE_IDENTIFIER = com.ios.NSNotification;
				PRODUCT_NAME = "$(TARGET_NAME)";
				TARGETED_DEVICE_FAMILY = "1,2";
			};
			name = Debug;
		};
		2180703A209B10430062CE2D /* Release */ = {
			isa = XCBuildConfiguration;
			buildSettings = {
				ASSETCATALOG_COMPILER_APPICON_NAME = AppIcon;
				CODE_SIGN_STYLE = Automatic;
				INFOPLIST_FILE = NSNotification/Info.plist;
				LD_RUNPATH_SEARCH_PATHS = (
					"$(inherited)",
					"@executable_path/Frameworks",
				);
				PRODUCT_BUNDLE_IDENTIFIER = com.ios.NSNotification;
				PRODUCT_NAME = "$(TARGET_NAME)";
				TARGETED_DEVICE_FAMILY = "1,2";
			};
			name = Release;
		};
		2180703C209B10430062CE2D /* Debug */ = {
			isa = XCBuildConfiguration;
			buildSettings = {
				BUNDLE_LOADER = "$(TEST_HOST)";
				CODE_SIGN_STYLE = Automatic;
				INFOPLIST_FILE = NSNotificationTests/Info.plist;
				LD_RUNPATH_SEARCH_PATHS = (
					"$(inherited)",
					"@executable_path/Frameworks",
					"@loader_path/Frameworks",
				);
				PRODUCT_BUNDLE_IDENTIFIER = com.ios.NSNotificationTests;
				PRODUCT_NAME = "$(TARGET_NAME)";
				TARGETED_DEVICE_FAMILY = "1,2";
				TEST_HOST = "$(BUILT_PRODUCTS_DIR)/NSNotification.app/NSNotification";
			};
			name = Debug;
		};
		2180703D209B10430062CE2D /* Release */ = {
			isa = XCBuildConfiguration;
			buildSettings = {
				BUNDLE_LOADER = "$(TEST_HOST)";
				CODE_SIGN_STYLE = Automatic;
				INFOPLIST_FILE = NSNotificationTests/Info.plist;
				LD_RUNPATH_SEARCH_PATHS = (
					"$(inherited)",
					"@executable_path/Frameworks",
					"@loader_path/Frameworks",
				);
				PRODUCT_BUNDLE_IDENTIFIER = com.ios.NSNotificationTests;
				PRODUCT_NAME = "$(TARGET_NAME)";
				TARGETED_DEVICE_FAMILY = "1,2";
				TEST_HOST = "$(BUILT_PRODUCTS_DIR)/NSNotification.app/NSNotification";
			};
			name = Release;
		};
		2180703F209B10430062CE2D /* Debug */ = {
			isa = XCBuildConfiguration;
			buildSettings = {
				CODE_SIGN_STYLE = Automatic;
				INFOPLIST_FILE = NSNotificationUITests/Info.plist;
				LD_RUNPATH_SEARCH_PATHS = (
					"$(inherited)",
					"@executable_path/Frameworks",
					"@loader_path/Frameworks",
				);
				PRODUCT_BUNDLE_IDENTIFIER = com.ios.NSNotificationUITests;
				PRODUCT_NAME = "$(TARGET_NAME)";
				TARGETED_DEVICE_FAMILY = "1,2";
				TEST_TARGET_NAME = NSNotification;
			};
			name = Debug;
		};
		21807040209B10430062CE2D /* Release */ = {
			isa = XCBuildConfiguration;
			buildSettings = {
				CODE_SIGN_STYLE = Automatic;
				INFOPLIST_FILE = NSNotificationUITests/Info.plist;
				LD_RUNPATH_SEARCH_PATHS = (
					"$(inherited)",
					"@executable_path/Frameworks",
					"@loader_path/Frameworks",
				);
				PRODUCT_BUNDLE_IDENTIFIER = com.ios.NSNotificationUITests;
				PRODUCT_NAME = "$(TARGET_NAME)";
				TARGETED_DEVICE_FAMILY = "1,2";
				TEST_TARGET_NAME = NSNotification;
			};
			name = Release;
		};
/* End XCBuildConfiguration section */

/* Begin XCConfigurationList section */
		21807007209B10400062CE2D /* Build configuration list for PBXProject "NSNotification" */ = {
			isa = XCConfigurationList;
			buildConfigurations = (
				21807036209B10430062CE2D /* Debug */,
				21807037209B10430062CE2D /* Release */,
			);
			defaultConfigurationIsVisible = 0;
			defaultConfigurationName = Release;
		};
		21807038209B10430062CE2D /* Build configuration list for PBXNativeTarget "NSNotification" */ = {
			isa = XCConfigurationList;
			buildConfigurations = (
				21807039209B10430062CE2D /* Debug */,
				2180703A209B10430062CE2D /* Release */,
			);
			defaultConfigurationIsVisible = 0;
			defaultConfigurationName = Release;
		};
		2180703B209B10430062CE2D /* Build configuration list for PBXNativeTarget "NSNotificationTests" */ = {
			isa = XCConfigurationList;
			buildConfigurations = (
				2180703C209B10430062CE2D /* Debug */,
				2180703D209B10430062CE2D /* Release */,
			);
			defaultConfigurationIsVisible = 0;
			defaultConfigurationName = Release;
		};
		2180703E209B10430062CE2D /* Build configuration list for PBXNativeTarget "NSNotificationUITests" */ = {
			isa = XCConfigurationList;
			buildConfigurations = (
				2180703F209B10430062CE2D /* Debug */,
				21807040209B10430062CE2D /* Release */,
			);
			defaultConfigurationIsVisible = 0;
			defaultConfigurationName = Release;
		};
/* End XCConfigurationList section */
	};
	rootObject = 21807004209B10400062CE2D /* Project object */;
}
